
Microsoft Visual Studio Solution File, Format Version 12.00
# Visual Studio 2012
Project("{CC5FD16D-436D-48AD-A40C-5A424C6E3E79}") = "ThemeParkCloud", "ThemeParkCloud\ThemeParkCloud.ccproj", "{7166F1FC-52CB-4D02-BFFD-4EF7AE751EA1}"
EndProject
Project("{FAE04EC0-301F-11D3-BF4B-00C04F79EFBC}") = "WCFServiceWebRole1", "WCFServiceWebRole1\WCFServiceWebRole1.csproj", "{6E692D7B-95A5-4E5B-A0E8-BC60E30B43FE}"
EndProject
Global
	GlobalSection(SolutionConfigurationPlatforms) = preSolution
		Debug|Any CPU = Debug|Any CPU
		Release|Any CPU = Release|Any CPU
	EndGlobalSection
	GlobalSection(ProjectConfigurationPlatforms) = postSolution
		{7166F1FC-52CB-4D02-BFFD-4EF7AE751EA1}.Debug|Any CPU.ActiveCfg = Debug|Any CPU
		{7166F1FC-52CB-4D02-BFFD-4EF7AE751EA1}.Debug|Any CPU.Build.0 = Debug|Any CPU
		{7166F1FC-52CB-4D02-BFFD-4EF7AE751EA1}.Release|Any CPU.ActiveCfg = Release|Any CPU
		{7166F1FC-52CB-4D02-BFFD-4EF7AE751EA1}.Release|Any CPU.Build.0 = Release|Any CPU
		{6E692D7B-95A5-4E5B-A0E8-BC60E30B43FE}.Debug|Any CPU.ActiveCfg = Debug|Any CPU
		{6E692D7B-95A5-4E5B-A0E8-BC60E30B43FE}.Debug|Any CPU.Build.0 = Debug|Any CPU
		{6E692D7B-95A5-4E5B-A0E8-BC60E30B43FE}.Release|Any CPU.ActiveCfg = Release|Any CPU
		{6E692D7B-95A5-4E5B-A0E8-BC60E30B43FE}.Release|Any CPU.Build.0 = Release|Any CPU
	EndGlobalSection
	GlobalSection(SolutionProperties) = preSolution
		HideSolutionNode = FALSE
	EndGlobalSection
EndGlobal
